// !$*UTF8*$!
{
	archiveVersion = 1;
	classes = {
	};
	objectVersion = 50;
	objects = {

/* Begin PBXBuildFile section */
		E839252B2629327E00F0CAAD /* correctness.cc in Sources */ = {isa = PBXBuildFile; fileRef = E83925212629327E00F0CAAD /* correctness.cc */; };
		E839252C2629327E00F0CAAD /* persistence.cc in Sources */ = {isa = PBXBuildFile; fileRef = E83925242629327E00F0CAAD /* persistence.cc */; };
		E839252D2629327E00F0CAAD /* kvstore.cc in Sources */ = {isa = PBXBuildFile; fileRef = E83925292629327E00F0CAAD /* kvstore.cc */; };
		E839252E2629327E00F0CAAD /* Makefile in Sources */ = {isa = PBXBuildFile; fileRef = E839252A2629327E00F0CAAD /* Makefile */; };
/* End PBXBuildFile section */

/* Begin PBXCopyFilesBuildPhase section */
		E83925032629320000F0CAAD /* CopyFiles */ = {
			isa = PBXCopyFilesBuildPhase;
			buildActionMask = 2147483647;
			dstPath = /usr/share/man/man1/;
			dstSubfolderSpec = 0;
			files = (
			);
			runOnlyForDeploymentPostprocessing = 1;
		};
/* End PBXCopyFilesBuildPhase section */

/* Begin PBXFileReference section */
		E81913DE26297DBC000BFECD /* skipList.h */ = {isa = PBXFileReference; lastKnownFileType = sourcecode.c.h; path = skipList.h; sourceTree = "<group>"; };
		E83925052629320000F0CAAD /* lsm-lab-xcode */ = {isa = PBXFileReference; explicitFileType = "compiled.mach-o.executable"; includeInIndex = 0; path = "lsm-lab-xcode"; sourceTree = BUILT_PRODUCTS_DIR; };
		E83925202629327E00F0CAAD /* utils.h */ = {isa = PBXFileReference; fileEncoding = 4; lastKnownFileType = sourcecode.c.h; path = utils.h; sourceTree = "<group>"; };
		E83925212629327E00F0CAAD /* correctness.cc */ = {isa = PBXFileReference; fileEncoding = 4; lastKnownFileType = sourcecode.cpp.cpp; path = correctness.cc; sourceTree = "<group>"; };
		E83925222629327E00F0CAAD /* README.md */ = {isa = PBXFileReference; fileEncoding = 4; lastKnownFileType = net.daringfireball.markdown; path = README.md; sourceTree = "<group>"; };
		E83925232629327E00F0CAAD /* data */ = {isa = PBXFileReference; lastKnownFileType = folder; path = data; sourceTree = "<group>"; };
		E83925242629327E00F0CAAD /* persistence.cc */ = {isa = PBXFileReference; fileEncoding = 4; lastKnownFileType = sourcecode.cpp.cpp; path = persistence.cc; sourceTree = "<group>"; };
		E83925252629327E00F0CAAD /* kvstore_api.h */ = {isa = PBXFileReference; fileEncoding = 4; lastKnownFileType = sourcecode.c.h; path = kvstore_api.h; sourceTree = "<group>"; };
		E83925262629327E00F0CAAD /* kvstore.h */ = {isa = PBXFileReference; fileEncoding = 4; lastKnownFileType = sourcecode.c.h; path = kvstore.h; sourceTree = "<group>"; };
		E83925272629327E00F0CAAD /* MurmurHash3.h */ = {isa = PBXFileReference; fileEncoding = 4; lastKnownFileType = sourcecode.c.h; path = MurmurHash3.h; sourceTree = "<group>"; };
		E83925282629327E00F0CAAD /* test.h */ = {isa = PBXFileReference; fileEncoding = 4; lastKnownFileType = sourcecode.c.h; path = test.h; sourceTree = "<group>"; };
		E83925292629327E00F0CAAD /* kvstore.cc */ = {isa = PBXFileReference; fileEncoding = 4; lastKnownFileType = sourcecode.cpp.cpp; path = kvstore.cc; sourceTree = "<group>"; };
		E839252A2629327E00F0CAAD /* Makefile */ = {isa = PBXFileReference; fileEncoding = 4; lastKnownFileType = sourcecode.make; path = Makefile; sourceTree = "<group>"; };
/* End PBXFileReference section */

/* Begin PBXFrameworksBuildPhase section */
		E83925022629320000F0CAAD /* Frameworks */ = {
			isa = PBXFrameworksBuildPhase;
			buildActionMask = 2147483647;
			files = (
			);
			runOnlyForDeploymentPostprocessing = 0;
		};
/* End PBXFrameworksBuildPhase section */

/* Begin PBXGroup section */
		E83924FC2629320000F0CAAD = {
			isa = PBXGroup;
			children = (
				E83925072629320000F0CAAD /* lsm-lab-xcode */,
				E83925062629320000F0CAAD /* Products */,
			);
			sourceTree = "<group>";
		};
		E83925062629320000F0CAAD /* Products */ = {
			isa = PBXGroup;
			children = (
				E83925052629320000F0CAAD /* lsm-lab-xcode */,
			);
			name = Products;
			sourceTree = "<group>";
		};
		E83925072629320000F0CAAD /* lsm-lab-xcode */ = {
			isa = PBXGroup;
			children = (
				E83925212629327E00F0CAAD /* correctness.cc */,
				E83925232629327E00F0CAAD /* data */,
				E83925252629327E00F0CAAD /* kvstore_api.h */,
				E83925292629327E00F0CAAD /* kvstore.cc */,
				E83925262629327E00F0CAAD /* kvstore.h */,
				E839252A2629327E00F0CAAD /* Makefile */,
				E83925272629327E00F0CAAD /* MurmurHash3.h */,
				E83925242629327E00F0CAAD /* persistence.cc */,
				E83925222629327E00F0CAAD /* README.md */,
				E83925282629327E00F0CAAD /* test.h */,
				E83925202629327E00F0CAAD /* utils.h */,
				E81913DE26297DBC000BFECD /* skipList.h */,
			);
			path = "lsm-lab-xcode";
			sourceTree = "<group>";
		};
/* End PBXGroup section */

/* Begin PBXNativeTarget section */
		E83925042629320000F0CAAD /* lsm-lab-xcode */ = {
			isa = PBXNativeTarget;
			buildConfigurationList = E839250C2629320000F0CAAD /* Build configuration list for PBXNativeTarget "lsm-lab-xcode" */;
			buildPhases = (
				E83925012629320000F0CAAD /* Sources */,
				E83925022629320000F0CAAD /* Frameworks */,
				E83925032629320000F0CAAD /* CopyFiles */,
			);
			buildRules = (
			);
			dependencies = (
			);
			name = "lsm-lab-xcode";
			productName = "lsm-lab-xcode";
			productReference = E83925052629320000F0CAAD /* lsm-lab-xcode */;
			productType = "com.apple.product-type.tool";
		};
/* End PBXNativeTarget section */

/* Begin PBXProject section */
		E83924FD2629320000F0CAAD /* Project object */ = {
			isa = PBXProject;
			attributes = {
				LastUpgradeCheck = 1240;
				TargetAttributes = {
					E83925042629320000F0CAAD = {
						CreatedOnToolsVersion = 12.4;
					};
				};
			};
			buildConfigurationList = E83925002629320000F0CAAD /* Build configuration list for PBXProject "lsm-lab-xcode" */;
			compatibilityVersion = "Xcode 9.3";
			developmentRegion = en;
			hasScannedForEncodings = 0;
			knownRegions = (
				en,
				Base,
			);
			mainGroup = E83924FC2629320000F0CAAD;
			productRefGroup = E83925062629320000F0CAAD /* Products */;
			projectDirPath = "";
			projectRoot = "";
			targets = (
				E83925042629320000F0CAAD /* lsm-lab-xcode */,
			);
		};
/* End PBXProject section */

/* Begin PBXSourcesBuildPhase section */
		E83925012629320000F0CAAD /* Sources */ = {
			isa = PBXSourcesBuildPhase;
			buildActionMask = 2147483647;
			files = (
				E839252B2629327E00F0CAAD /* correctness.cc in Sources */,
				E839252C2629327E00F0CAAD /* persistence.cc in Sources */,
				E839252E2629327E00F0CAAD /* Makefile in Sources */,
				E839252D2629327E00F0CAAD /* kvstore.cc in Sources */,
			);
			runOnlyForDeploymentPostprocessing = 0;
		};
/* End PBXSourcesBuildPhase section */

/* Begin XCBuildConfiguration section */
		E839250A2629320000F0CAAD /* Debug */ = {
			isa = XCBuildConfiguration;
			buildSettings = {
				ALWAYS_SEARCH_USER_PATHS = NO;
				CLANG_ANALYZER_NONNULL = YES;
				CLANG_ANALYZER_NUMBER_OBJECT_CONVERSION = YES_AGGRESSIVE;
				CLANG_CXX_LANGUAGE_STANDARD = "gnu++14";
				CLANG_CXX_LIBRARY = "libc++";
				CLANG_ENABLE_MODULES = YES;
				CLANG_ENABLE_OBJC_ARC = YES;
				CLANG_ENABLE_OBJC_WEAK = YES;
				CLANG_WARN_BLOCK_CAPTURE_AUTORELEASING = YES;
				CLANG_WARN_BOOL_CONVERSION = YES;
				CLANG_WARN_COMMA = YES;
				CLANG_WARN_CONSTANT_CONVERSION = YES;
				CLANG_WARN_DEPRECATED_OBJC_IMPLEMENTATIONS = YES;
				CLANG_WARN_DIRECT_OBJC_ISA_USAGE = YES_ERROR;
				CLANG_WARN_DOCUMENTATION_COMMENTS = YES;
				CLANG_WARN_EMPTY_BODY = YES;
				CLANG_WARN_ENUM_CONVERSION = YES;
				CLANG_WARN_INFINITE_RECURSION = YES;
				CLANG_WARN_INT_CONVERSION = YES;
				CLANG_WARN_NON_LITERAL_NULL_CONVERSION = YES;
				CLANG_WARN_OBJC_IMPLICIT_RETAIN_SELF = YES;
				CLANG_WARN_OBJC_LITERAL_CONVERSION = YES;
				CLANG_WARN_OBJC_ROOT_CLASS = YES_ERROR;
				CLANG_WARN_QUOTED_INCLUDE_IN_FRAMEWORK_HEADER = YES;
				CLANG_WARN_RANGE_LOOP_ANALYSIS = YES;
				CLANG_WARN_STRICT_PROTOTYPES = YES;
				CLANG_WARN_SUSPICIOUS_MOVE = YES;
				CLANG_WARN_UNGUARDED_AVAILABILITY = YES_AGGRESSIVE;
				CLANG_WARN_UNREACHABLE_CODE = YES;
				CLANG_WARN__DUPLICATE_METHOD_MATCH = YES;
				COPY_PHASE_STRIP = NO;
				DEBUG_INFORMATION_FORMAT = dwarf;
				ENABLE_STRICT_OBJC_MSGSEND = YES;
				ENABLE_TESTABILITY = YES;
				GCC_C_LANGUAGE_STANDARD = gnu11;
				GCC_DYNAMIC_NO_PIC = NO;
				GCC_NO_COMMON_BLOCKS = YES;
				GCC_OPTIMIZATION_LEVEL = 0;
				GCC_PREPROCESSOR_DEFINITIONS = (
					"DEBUG=1",
					"$(inherited)",
				);
				GCC_WARN_64_TO_32_BIT_CONVERSION = YES;
				GCC_WARN_ABOUT_RETURN_TYPE = YES_ERROR;
				GCC_WARN_UNDECLARED_SELECTOR = YES;
				GCC_WARN_UNINITIALIZED_AUTOS = YES_AGGRESSIVE;
				GCC_WARN_UNUSED_FUNCTION = YES;
				GCC_WARN_UNUSED_VARIABLE = YES;
				MACOSX_DEPLOYMENT_TARGET = 11.1;
				MTL_ENABLE_DEBUG_INFO = INCLUDE_SOURCE;
				MTL_FAST_MATH = YES;
				ONLY_ACTIVE_ARCH = YES;
				SDKROOT = macosx;
			};
			name = Debug;
		};
		E839250B2629320000F0CAAD /* Release */ = {
			isa = XCBuildConfiguration;
			buildSettings = {
				ALWAYS_SEARCH_USER_PATHS = NO;
				CLANG_ANALYZER_NONNULL = YES;
				CLANG_ANALYZER_NUMBER_OBJECT_CONVERSION = YES_AGGRESSIVE;
				CLANG_CXX_LANGUAGE_STANDARD = "gnu++14";
				CLANG_CXX_LIBRARY = "libc++";
				CLANG_ENABLE_MODULES = YES;
				CLANG_ENABLE_OBJC_ARC = YES;
				CLANG_ENABLE_OBJC_WEAK = YES;
				CLANG_WARN_BLOCK_CAPTURE_AUTORELEASING = YES;
				CLANG_WARN_BOOL_CONVERSION = YES;
				CLANG_WARN_COMMA = YES;
				CLANG_WARN_CONSTANT_CONVERSION = YES;
				CLANG_WARN_DEPRECATED_OBJC_IMPLEMENTATIONS = YES;
				CLANG_WARN_DIRECT_OBJC_ISA_USAGE = YES_ERROR;
				CLANG_WARN_DOCUMENTATION_COMMENTS = YES;
				CLANG_WARN_EMPTY_BODY = YES;
				CLANG_WARN_ENUM_CONVERSION = YES;
				CLANG_WARN_INFINITE_RECURSION = YES;
				CLANG_WARN_INT_CONVERSION = YES;
				CLANG_WARN_NON_LITERAL_NULL_CONVERSION = YES;
				CLANG_WARN_OBJC_IMPLICIT_RETAIN_SELF = YES;
				CLANG_WARN_OBJC_LITERAL_CONVERSION = YES;
				CLANG_WARN_OBJC_ROOT_CLASS = YES_ERROR;
				CLANG_WARN_QUOTED_INCLUDE_IN_FRAMEWORK_HEADER = YES;
				CLANG_WARN_RANGE_LOOP_ANALYSIS = YES;
				CLANG_WARN_STRICT_PROTOTYPES = YES;
				CLANG_WARN_SUSPICIOUS_MOVE = YES;
				CLANG_WARN_UNGUARDED_AVAILABILITY = YES_AGGRESSIVE;
				CLANG_WARN_UNREACHABLE_CODE = YES;
				CLANG_WARN__DUPLICATE_METHOD_MATCH = YES;
				COPY_PHASE_STRIP = NO;
				DEBUG_INFORMATION_FORMAT = "dwarf-with-dsym";
				ENABLE_NS_ASSERTIONS = NO;
				ENABLE_STRICT_OBJC_MSGSEND = YES;
				GCC_C_LANGUAGE_STANDARD = gnu11;
				GCC_NO_COMMON_BLOCKS = YES;
				GCC_WARN_64_TO_32_BIT_CONVERSION = YES;
				GCC_WARN_ABOUT_RETURN_TYPE = YES_ERROR;
				GCC_WARN_UNDECLARED_SELECTOR = YES;
				GCC_WARN_UNINITIALIZED_AUTOS = YES_AGGRESSIVE;
				GCC_WARN_UNUSED_FUNCTION = YES;
				GCC_WARN_UNUSED_VARIABLE = YES;
				MACOSX_DEPLOYMENT_TARGET = 11.1;
				MTL_ENABLE_DEBUG_INFO = NO;
				MTL_FAST_MATH = YES;
				SDKROOT = macosx;
			};
			name = Release;
		};
		E839250D2629320000F0CAAD /* Debug */ = {
			isa = XCBuildConfiguration;
			buildSettings = {
				CODE_SIGN_STYLE = Automatic;
				PRODUCT_NAME = "$(TARGET_NAME)";
			};
			name = Debug;
		};
		E839250E2629320000F0CAAD /* Release */ = {
			isa = XCBuildConfiguration;
			buildSettings = {
				CODE_SIGN_STYLE = Automatic;
				PRODUCT_NAME = "$(TARGET_NAME)";
			};
			name = Release;
		};
/* End XCBuildConfiguration section */

/* Begin XCConfigurationList section */
		E83925002629320000F0CAAD /* Build configuration list for PBXProject "lsm-lab-xcode" */ = {
			isa = XCConfigurationList;
			buildConfigurations = (
				E839250A2629320000F0CAAD /* Debug */,
				E839250B2629320000F0CAAD /* Release */,
			);
			defaultConfigurationIsVisible = 0;
			defaultConfigurationName = Release;
		};
		E839250C2629320000F0CAAD /* Build configuration list for PBXNativeTarget "lsm-lab-xcode" */ = {
			isa = XCConfigurationList;
			buildConfigurations = (
				E839250D2629320000F0CAAD /* Debug */,
				E839250E2629320000F0CAAD /* Release */,
			);
			defaultConfigurationIsVisible = 0;
			defaultConfigurationName = Release;
		};
/* End XCConfigurationList section */
	};
	rootObject = E83924FD2629320000F0CAAD /* Project object */;
}
