// !$*UTF8*$!
{
	archiveVersion = 1;
	classes = {
	};
	objectVersion = 50;
	objects = {

/* Begin PBXBuildFile section */
		E831243026F1ECF400B438D9 /* main.cpp in Sources */ = {isa = PBXBuildFile; fileRef = E831242F26F1ECF400B438D9 /* main.cpp */; };
		E831243826F1EDCD00B438D9 /* OpenGL.framework in Frameworks */ = {isa = PBXBuildFile; fileRef = E831243726F1EDCD00B438D9 /* OpenGL.framework */; };
		E831243A26F1EE3900B438D9 /* libglfw.3.3.dylib in Frameworks */ = {isa = PBXBuildFile; fileRef = E831243926F1EE3900B438D9 /* libglfw.3.3.dylib */; };
		E831243C26F205B100B438D9 /* GLUT.framework in Frameworks */ = {isa = PBXBuildFile; fileRef = E831243B26F205B100B438D9 /* GLUT.framework */; };
		E831244426F2202900B438D9 /* glad.c in Sources */ = {isa = PBXBuildFile; fileRef = E831244326F2202800B438D9 /* glad.c */; };
		E8318AB126FACC8800720200 /* drawRect.cpp in Sources */ = {isa = PBXBuildFile; fileRef = E8318AB026FACC8800720200 /* drawRect.cpp */; };
		E8318AB326FAD43400720200 /* linkTriangle.cpp in Sources */ = {isa = PBXBuildFile; fileRef = E8318AB226FAD43400720200 /* linkTriangle.cpp */; };
		E8318AB526FAD8BB00720200 /* diffColor.cpp in Sources */ = {isa = PBXBuildFile; fileRef = E8318AB426FAD8BB00720200 /* diffColor.cpp */; };
		E8318AB726FADC1400720200 /* changeColorTrangle.cpp in Sources */ = {isa = PBXBuildFile; fileRef = E8318AB626FADC1400720200 /* changeColorTrangle.cpp */; };
		E876B8BA26FF5B9200428D8A /* diffColorTest.cpp in Sources */ = {isa = PBXBuildFile; fileRef = E876B8B926FF5B9200428D8A /* diffColorTest.cpp */; };
		E876B8BC26FF5C7900428D8A /* changeColorTrangleTest.cpp in Sources */ = {isa = PBXBuildFile; fileRef = E876B8BB26FF5C7900428D8A /* changeColorTrangleTest.cpp */; };
		E88A152826F4C980006D0673 /* helloWindow.cpp in Sources */ = {isa = PBXBuildFile; fileRef = E88A152626F4C980006D0673 /* helloWindow.cpp */; };
		E89FFA4A26FCDC5A004C9B62 /* rainbowTriangle.cpp in Sources */ = {isa = PBXBuildFile; fileRef = E89FFA4926FCDC5A004C9B62 /* rainbowTriangle.cpp */; };
		E89FFA4E26FEB4A5004C9B62 /* texture.cpp in Sources */ = {isa = PBXBuildFile; fileRef = E89FFA4D26FEB4A5004C9B62 /* texture.cpp */; };
		E89FFA5126FEBCC7004C9B62 /* shaders_class.cpp in Sources */ = {isa = PBXBuildFile; fileRef = E89FFA5026FEBCC7004C9B62 /* shaders_class.cpp */; };
		E89FFA5526FEC8C2004C9B62 /* transform.cpp in Sources */ = {isa = PBXBuildFile; fileRef = E89FFA5426FEC8C2004C9B62 /* transform.cpp */; };
		E8F9CB3626FF07440057B7B5 /* stb_image.cpp in Sources */ = {isa = PBXBuildFile; fileRef = E8F9CB3526FF07440057B7B5 /* stb_image.cpp */; };
		E8F9CB3826FF35A70057B7B5 /* rainbowTriangleTest.cpp in Sources */ = {isa = PBXBuildFile; fileRef = E8F9CB3726FF35A70057B7B5 /* rainbowTriangleTest.cpp */; };
/* End PBXBuildFile section */

/* Begin PBXCopyFilesBuildPhase section */
		E831242A26F1ECF400B438D9 /* CopyFiles */ = {
			isa = PBXCopyFilesBuildPhase;
			buildActionMask = 2147483647;
			dstPath = /usr/share/man/man1/;
			dstSubfolderSpec = 0;
			files = (
			);
			runOnlyForDeploymentPostprocessing = 1;
		};
/* End PBXCopyFilesBuildPhase section */

/* Begin PBXFileReference section */
		E831242C26F1ECF400B438D9 /* OpenGLTest */ = {isa = PBXFileReference; explicitFileType = "compiled.mach-o.executable"; includeInIndex = 0; path = OpenGLTest; sourceTree = BUILT_PRODUCTS_DIR; };
		E831242F26F1ECF400B438D9 /* main.cpp */ = {isa = PBXFileReference; lastKnownFileType = sourcecode.cpp.cpp; path = main.cpp; sourceTree = "<group>"; };
		E831243726F1EDCD00B438D9 /* OpenGL.framework */ = {isa = PBXFileReference; lastKnownFileType = wrapper.framework; name = OpenGL.framework; path = System/Library/Frameworks/OpenGL.framework; sourceTree = SDKROOT; };
		E831243926F1EE3900B438D9 /* libglfw.3.3.dylib */ = {isa = PBXFileReference; lastKnownFileType = "compiled.mach-o.dylib"; name = libglfw.3.3.dylib; path = ../../../../../../../usr/local/Cellar/glfw/3.3.4/lib/libglfw.3.3.dylib; sourceTree = "<group>"; };
		E831243B26F205B100B438D9 /* GLUT.framework */ = {isa = PBXFileReference; lastKnownFileType = wrapper.framework; name = GLUT.framework; path = System/Library/Frameworks/GLUT.framework; sourceTree = SDKROOT; };
		E831244126F21FB800B438D9 /* KHR */ = {isa = PBXFileReference; lastKnownFileType = folder; path = KHR; sourceTree = "<group>"; };
		E831244226F21FB800B438D9 /* glad */ = {isa = PBXFileReference; lastKnownFileType = folder; path = glad; sourceTree = "<group>"; };
		E831244326F2202800B438D9 /* glad.c */ = {isa = PBXFileReference; fileEncoding = 4; lastKnownFileType = sourcecode.c.c; path = glad.c; sourceTree = "<group>"; };
		E8318AB026FACC8800720200 /* drawRect.cpp */ = {isa = PBXFileReference; fileEncoding = 4; lastKnownFileType = sourcecode.cpp.cpp; path = drawRect.cpp; sourceTree = "<group>"; };
		E8318AB226FAD43400720200 /* linkTriangle.cpp */ = {isa = PBXFileReference; fileEncoding = 4; lastKnownFileType = sourcecode.cpp.cpp; path = linkTriangle.cpp; sourceTree = "<group>"; };
		E8318AB426FAD8BB00720200 /* diffColor.cpp */ = {isa = PBXFileReference; fileEncoding = 4; lastKnownFileType = sourcecode.cpp.cpp; path = diffColor.cpp; sourceTree = "<group>"; };
		E8318AB626FADC1400720200 /* changeColorTrangle.cpp */ = {isa = PBXFileReference; fileEncoding = 4; lastKnownFileType = sourcecode.cpp.cpp; path = changeColorTrangle.cpp; sourceTree = "<group>"; };
		E876B8B926FF5B9200428D8A /* diffColorTest.cpp */ = {isa = PBXFileReference; fileEncoding = 4; lastKnownFileType = sourcecode.cpp.cpp; path = diffColorTest.cpp; sourceTree = "<group>"; };
		E876B8BB26FF5C7900428D8A /* changeColorTrangleTest.cpp */ = {isa = PBXFileReference; fileEncoding = 4; lastKnownFileType = sourcecode.cpp.cpp; path = changeColorTrangleTest.cpp; sourceTree = "<group>"; };
		E88A152626F4C980006D0673 /* helloWindow.cpp */ = {isa = PBXFileReference; lastKnownFileType = sourcecode.cpp.cpp; path = helloWindow.cpp; sourceTree = "<group>"; };
		E88A152726F4C980006D0673 /* helloWindow.hpp */ = {isa = PBXFileReference; lastKnownFileType = sourcecode.cpp.h; path = helloWindow.hpp; sourceTree = "<group>"; };
		E89FFA4926FCDC5A004C9B62 /* rainbowTriangle.cpp */ = {isa = PBXFileReference; fileEncoding = 4; lastKnownFileType = sourcecode.cpp.cpp; path = rainbowTriangle.cpp; sourceTree = "<group>"; };
		E89FFA4D26FEB4A5004C9B62 /* texture.cpp */ = {isa = PBXFileReference; fileEncoding = 4; lastKnownFileType = sourcecode.cpp.cpp; path = texture.cpp; sourceTree = "<group>"; };
		E89FFA5026FEBCC7004C9B62 /* shaders_class.cpp */ = {isa = PBXFileReference; fileEncoding = 4; lastKnownFileType = sourcecode.cpp.cpp; path = shaders_class.cpp; sourceTree = "<group>"; };
		E89FFA5226FEBDAF004C9B62 /* learnopengl */ = {isa = PBXFileReference; lastKnownFileType = folder; name = learnopengl; path = include/learnopengl; sourceTree = "<group>"; };
		E89FFA5326FEC3D3004C9B62 /* resources */ = {isa = PBXFileReference; lastKnownFileType = folder; path = resources; sourceTree = "<group>"; };
		E89FFA5426FEC8C2004C9B62 /* transform.cpp */ = {isa = PBXFileReference; fileEncoding = 4; lastKnownFileType = sourcecode.cpp.cpp; path = transform.cpp; sourceTree = "<group>"; };
		E89FFA5626FEC954004C9B62 /* stb_image.h */ = {isa = PBXFileReference; lastKnownFileType = sourcecode.c.h; name = stb_image.h; path = include/stb_image.h; sourceTree = "<group>"; };
		E89FFA5726FECD8E004C9B62 /* glm */ = {isa = PBXFileReference; lastKnownFileType = folder; name = glm; path = include/glm; sourceTree = "<group>"; };
		E8F9CB3526FF07440057B7B5 /* stb_image.cpp */ = {isa = PBXFileReference; lastKnownFileType = sourcecode.cpp.cpp; path = stb_image.cpp; sourceTree = "<group>"; };
		E8F9CB3726FF35A70057B7B5 /* rainbowTriangleTest.cpp */ = {isa = PBXFileReference; fileEncoding = 4; lastKnownFileType = sourcecode.cpp.cpp; path = rainbowTriangleTest.cpp; sourceTree = "<group>"; };
/* End PBXFileReference section */

/* Begin PBXFrameworksBuildPhase section */
		E831242926F1ECF400B438D9 /* Frameworks */ = {
			isa = PBXFrameworksBuildPhase;
			buildActionMask = 2147483647;
			files = (
				E831243C26F205B100B438D9 /* GLUT.framework in Frameworks */,
				E831243826F1EDCD00B438D9 /* OpenGL.framework in Frameworks */,
				E831243A26F1EE3900B438D9 /* libglfw.3.3.dylib in Frameworks */,
			);
			runOnlyForDeploymentPostprocessing = 0;
		};
/* End PBXFrameworksBuildPhase section */

/* Begin PBXGroup section */
		E831242326F1ECF400B438D9 = {
			isa = PBXGroup;
			children = (
				E831243D26F21CA400B438D9 /* Externals */,
				E831242E26F1ECF400B438D9 /* OpenGLTest */,
				E831242D26F1ECF400B438D9 /* Products */,
				E89FFA5326FEC3D3004C9B62 /* resources */,
				E831243626F1EDCC00B438D9 /* Frameworks */,
			);
			sourceTree = "<group>";
		};
		E831242D26F1ECF400B438D9 /* Products */ = {
			isa = PBXGroup;
			children = (
				E831242C26F1ECF400B438D9 /* OpenGLTest */,
			);
			name = Products;
			sourceTree = "<group>";
		};
		E831242E26F1ECF400B438D9 /* OpenGLTest */ = {
			isa = PBXGroup;
			children = (
				E831242F26F1ECF400B438D9 /* main.cpp */,
				E8318AB026FACC8800720200 /* drawRect.cpp */,
				E88A152626F4C980006D0673 /* helloWindow.cpp */,
				E88A152726F4C980006D0673 /* helloWindow.hpp */,
				E8318AB226FAD43400720200 /* linkTriangle.cpp */,
				E876B8BB26FF5C7900428D8A /* changeColorTrangleTest.cpp */,
				E876B8B926FF5B9200428D8A /* diffColorTest.cpp */,
				E8318AB426FAD8BB00720200 /* diffColor.cpp */,
				E8318AB626FADC1400720200 /* changeColorTrangle.cpp */,
				E89FFA4926FCDC5A004C9B62 /* rainbowTriangle.cpp */,
				E89FFA4D26FEB4A5004C9B62 /* texture.cpp */,
				E8F9CB3726FF35A70057B7B5 /* rainbowTriangleTest.cpp */,
				E89FFA5426FEC8C2004C9B62 /* transform.cpp */,
				E89FFA5026FEBCC7004C9B62 /* shaders_class.cpp */,
				E8F9CB3526FF07440057B7B5 /* stb_image.cpp */,
			);
			path = OpenGLTest;
			sourceTree = "<group>";
		};
		E831243626F1EDCC00B438D9 /* Frameworks */ = {
			isa = PBXGroup;
			children = (
				E831243B26F205B100B438D9 /* GLUT.framework */,
				E831243926F1EE3900B438D9 /* libglfw.3.3.dylib */,
				E831243726F1EDCD00B438D9 /* OpenGL.framework */,
			);
			name = Frameworks;
			sourceTree = "<group>";
		};
		E831243D26F21CA400B438D9 /* Externals */ = {
			isa = PBXGroup;
			children = (
				E831244326F2202800B438D9 /* glad.c */,
				E831244026F21CEA00B438D9 /* Libraries */,
				E831243F26F21CCD00B438D9 /* Include */,
			);
			path = Externals;
			sourceTree = "<group>";
		};
		E831243F26F21CCD00B438D9 /* Include */ = {
			isa = PBXGroup;
			children = (
				E89FFA5726FECD8E004C9B62 /* glm */,
				E89FFA5626FEC954004C9B62 /* stb_image.h */,
				E89FFA5226FEBDAF004C9B62 /* learnopengl */,
				E831244226F21FB800B438D9 /* glad */,
				E831244126F21FB800B438D9 /* KHR */,
			);
			name = Include;
			sourceTree = "<group>";
		};
		E831244026F21CEA00B438D9 /* Libraries */ = {
			isa = PBXGroup;
			children = (
			);
			name = Libraries;
			sourceTree = "<group>";
		};
/* End PBXGroup section */

/* Begin PBXNativeTarget section */
		E831242B26F1ECF400B438D9 /* OpenGLTest */ = {
			isa = PBXNativeTarget;
			buildConfigurationList = E831243326F1ECF400B438D9 /* Build configuration list for PBXNativeTarget "OpenGLTest" */;
			buildPhases = (
				E831242826F1ECF400B438D9 /* Sources */,
				E831242926F1ECF400B438D9 /* Frameworks */,
				E831242A26F1ECF400B438D9 /* CopyFiles */,
			);
			buildRules = (
			);
			dependencies = (
			);
			name = OpenGLTest;
			productName = OpenGLTest;
			productReference = E831242C26F1ECF400B438D9 /* OpenGLTest */;
			productType = "com.apple.product-type.tool";
		};
/* End PBXNativeTarget section */

/* Begin PBXProject section */
		E831242426F1ECF400B438D9 /* Project object */ = {
			isa = PBXProject;
			attributes = {
				LastUpgradeCheck = 1250;
				TargetAttributes = {
					E831242B26F1ECF400B438D9 = {
						CreatedOnToolsVersion = 12.5.1;
					};
				};
			};
			buildConfigurationList = E831242726F1ECF400B438D9 /* Build configuration list for PBXProject "OpenGLTest" */;
			compatibilityVersion = "Xcode 9.3";
			developmentRegion = en;
			hasScannedForEncodings = 0;
			knownRegions = (
				en,
				Base,
			);
			mainGroup = E831242326F1ECF400B438D9;
			productRefGroup = E831242D26F1ECF400B438D9 /* Products */;
			projectDirPath = "";
			projectRoot = "";
			targets = (
				E831242B26F1ECF400B438D9 /* OpenGLTest */,
			);
		};
/* End PBXProject section */

/* Begin PBXSourcesBuildPhase section */
		E831242826F1ECF400B438D9 /* Sources */ = {
			isa = PBXSourcesBuildPhase;
			buildActionMask = 2147483647;
			files = (
				E831243026F1ECF400B438D9 /* main.cpp in Sources */,
				E8318AB126FACC8800720200 /* drawRect.cpp in Sources */,
				E831244426F2202900B438D9 /* glad.c in Sources */,
				E89FFA4E26FEB4A5004C9B62 /* texture.cpp in Sources */,
				E8318AB326FAD43400720200 /* linkTriangle.cpp in Sources */,
				E89FFA5126FEBCC7004C9B62 /* shaders_class.cpp in Sources */,
				E89FFA4A26FCDC5A004C9B62 /* rainbowTriangle.cpp in Sources */,
				E8318AB526FAD8BB00720200 /* diffColor.cpp in Sources */,
				E89FFA5526FEC8C2004C9B62 /* transform.cpp in Sources */,
				E876B8BC26FF5C7900428D8A /* changeColorTrangleTest.cpp in Sources */,
				E8F9CB3826FF35A70057B7B5 /* rainbowTriangleTest.cpp in Sources */,
				E8F9CB3626FF07440057B7B5 /* stb_image.cpp in Sources */,
				E88A152826F4C980006D0673 /* helloWindow.cpp in Sources */,
				E876B8BA26FF5B9200428D8A /* diffColorTest.cpp in Sources */,
				E8318AB726FADC1400720200 /* changeColorTrangle.cpp in Sources */,
			);
			runOnlyForDeploymentPostprocessing = 0;
		};
/* End PBXSourcesBuildPhase section */

/* Begin XCBuildConfiguration section */
		E831243126F1ECF400B438D9 /* Debug */ = {
			isa = XCBuildConfiguration;
			buildSettings = {
				ALWAYS_SEARCH_USER_PATHS = NO;
				CLANG_ANALYZER_NONNULL = YES;
				CLANG_ANALYZER_NUMBER_OBJECT_CONVERSION = YES_AGGRESSIVE;
				CLANG_CXX_LANGUAGE_STANDARD = "gnu++14";
				CLANG_CXX_LIBRARY = "libc++";
				CLANG_ENABLE_MODULES = YES;
				CLANG_ENABLE_OBJC_ARC = YES;
				CLANG_ENABLE_OBJC_WEAK = YES;
				CLANG_WARN_BLOCK_CAPTURE_AUTORELEASING = YES;
				CLANG_WARN_BOOL_CONVERSION = YES;
				CLANG_WARN_COMMA = YES;
				CLANG_WARN_CONSTANT_CONVERSION = YES;
				CLANG_WARN_DEPRECATED_OBJC_IMPLEMENTATIONS = YES;
				CLANG_WARN_DIRECT_OBJC_ISA_USAGE = YES_ERROR;
				CLANG_WARN_DOCUMENTATION_COMMENTS = YES;
				CLANG_WARN_EMPTY_BODY = YES;
				CLANG_WARN_ENUM_CONVERSION = YES;
				CLANG_WARN_INFINITE_RECURSION = YES;
				CLANG_WARN_INT_CONVERSION = YES;
				CLANG_WARN_NON_LITERAL_NULL_CONVERSION = YES;
				CLANG_WARN_OBJC_IMPLICIT_RETAIN_SELF = YES;
				CLANG_WARN_OBJC_LITERAL_CONVERSION = YES;
				CLANG_WARN_OBJC_ROOT_CLASS = YES_ERROR;
				CLANG_WARN_QUOTED_INCLUDE_IN_FRAMEWORK_HEADER = YES;
				CLANG_WARN_RANGE_LOOP_ANALYSIS = YES;
				CLANG_WARN_STRICT_PROTOTYPES = YES;
				CLANG_WARN_SUSPICIOUS_MOVE = YES;
				CLANG_WARN_UNGUARDED_AVAILABILITY = YES_AGGRESSIVE;
				CLANG_WARN_UNREACHABLE_CODE = YES;
				CLANG_WARN__DUPLICATE_METHOD_MATCH = YES;
				COPY_PHASE_STRIP = NO;
				DEBUG_INFORMATION_FORMAT = dwarf;
				ENABLE_STRICT_OBJC_MSGSEND = YES;
				ENABLE_TESTABILITY = YES;
				GCC_C_LANGUAGE_STANDARD = gnu11;
				GCC_DYNAMIC_NO_PIC = NO;
				GCC_NO_COMMON_BLOCKS = YES;
				GCC_OPTIMIZATION_LEVEL = 0;
				GCC_PREPROCESSOR_DEFINITIONS = (
					"DEBUG=1",
					"$(inherited)",
				);
				GCC_WARN_64_TO_32_BIT_CONVERSION = YES;
				GCC_WARN_ABOUT_RETURN_TYPE = YES_ERROR;
				GCC_WARN_UNDECLARED_SELECTOR = YES;
				GCC_WARN_UNINITIALIZED_AUTOS = YES_AGGRESSIVE;
				GCC_WARN_UNUSED_FUNCTION = YES;
				GCC_WARN_UNUSED_VARIABLE = YES;
				MACOSX_DEPLOYMENT_TARGET = 11.3;
				MTL_ENABLE_DEBUG_INFO = INCLUDE_SOURCE;
				MTL_FAST_MATH = YES;
				ONLY_ACTIVE_ARCH = YES;
				SDKROOT = macosx;
			};
			name = Debug;
		};
		E831243226F1ECF400B438D9 /* Release */ = {
			isa = XCBuildConfiguration;
			buildSettings = {
				ALWAYS_SEARCH_USER_PATHS = NO;
				CLANG_ANALYZER_NONNULL = YES;
				CLANG_ANALYZER_NUMBER_OBJECT_CONVERSION = YES_AGGRESSIVE;
				CLANG_CXX_LANGUAGE_STANDARD = "gnu++14";
				CLANG_CXX_LIBRARY = "libc++";
				CLANG_ENABLE_MODULES = YES;
				CLANG_ENABLE_OBJC_ARC = YES;
				CLANG_ENABLE_OBJC_WEAK = YES;
				CLANG_WARN_BLOCK_CAPTURE_AUTORELEASING = YES;
				CLANG_WARN_BOOL_CONVERSION = YES;
				CLANG_WARN_COMMA = YES;
				CLANG_WARN_CONSTANT_CONVERSION = YES;
				CLANG_WARN_DEPRECATED_OBJC_IMPLEMENTATIONS = YES;
				CLANG_WARN_DIRECT_OBJC_ISA_USAGE = YES_ERROR;
				CLANG_WARN_DOCUMENTATION_COMMENTS = YES;
				CLANG_WARN_EMPTY_BODY = YES;
				CLANG_WARN_ENUM_CONVERSION = YES;
				CLANG_WARN_INFINITE_RECURSION = YES;
				CLANG_WARN_INT_CONVERSION = YES;
				CLANG_WARN_NON_LITERAL_NULL_CONVERSION = YES;
				CLANG_WARN_OBJC_IMPLICIT_RETAIN_SELF = YES;
				CLANG_WARN_OBJC_LITERAL_CONVERSION = YES;
				CLANG_WARN_OBJC_ROOT_CLASS = YES_ERROR;
				CLANG_WARN_QUOTED_INCLUDE_IN_FRAMEWORK_HEADER = YES;
				CLANG_WARN_RANGE_LOOP_ANALYSIS = YES;
				CLANG_WARN_STRICT_PROTOTYPES = YES;
				CLANG_WARN_SUSPICIOUS_MOVE = YES;
				CLANG_WARN_UNGUARDED_AVAILABILITY = YES_AGGRESSIVE;
				CLANG_WARN_UNREACHABLE_CODE = YES;
				CLANG_WARN__DUPLICATE_METHOD_MATCH = YES;
				COPY_PHASE_STRIP = NO;
				DEBUG_INFORMATION_FORMAT = "dwarf-with-dsym";
				ENABLE_NS_ASSERTIONS = NO;
				ENABLE_STRICT_OBJC_MSGSEND = YES;
				GCC_C_LANGUAGE_STANDARD = gnu11;
				GCC_NO_COMMON_BLOCKS = YES;
				GCC_WARN_64_TO_32_BIT_CONVERSION = YES;
				GCC_WARN_ABOUT_RETURN_TYPE = YES_ERROR;
				GCC_WARN_UNDECLARED_SELECTOR = YES;
				GCC_WARN_UNINITIALIZED_AUTOS = YES_AGGRESSIVE;
				GCC_WARN_UNUSED_FUNCTION = YES;
				GCC_WARN_UNUSED_VARIABLE = YES;
				MACOSX_DEPLOYMENT_TARGET = 11.3;
				MTL_ENABLE_DEBUG_INFO = NO;
				MTL_FAST_MATH = YES;
				SDKROOT = macosx;
			};
			name = Release;
		};
		E831243426F1ECF400B438D9 /* Debug */ = {
			isa = XCBuildConfiguration;
			buildSettings = {
				CODE_SIGN_IDENTITY = "";
				CODE_SIGN_STYLE = Automatic;
				HEADER_SEARCH_PATHS = (
					/usr/local/Cellar/glfw/3.3.4/include,
					"$(PROJECT_DIR)/Externals/Include",
					/usr/local/Cellar/glad/include,
				);
				LIBRARY_SEARCH_PATHS = (
					"$(inherited)",
					/usr/local/Cellar/glfw/3.3.4/lib,
					"$(PROJECT_DIR)/Externals/Libraries",
				);
				PRODUCT_NAME = "$(TARGET_NAME)";
			};
			name = Debug;
		};
		E831243526F1ECF400B438D9 /* Release */ = {
			isa = XCBuildConfiguration;
			buildSettings = {
				CODE_SIGN_IDENTITY = "";
				CODE_SIGN_STYLE = Automatic;
				HEADER_SEARCH_PATHS = (
					/usr/local/Cellar/glfw/3.3.4/include,
					"$(PROJECT_DIR)/Externals/Include",
					/usr/local/Cellar/glad/include,
				);
				LIBRARY_SEARCH_PATHS = (
					"$(inherited)",
					/usr/local/Cellar/glfw/3.3.4/lib,
					"$(PROJECT_DIR)/Externals/Libraries",
				);
				PRODUCT_NAME = "$(TARGET_NAME)";
			};
			name = Release;
		};
/* End XCBuildConfiguration section */

/* Begin XCConfigurationList section */
		E831242726F1ECF400B438D9 /* Build configuration list for PBXProject "OpenGLTest" */ = {
			isa = XCConfigurationList;
			buildConfigurations = (
				E831243126F1ECF400B438D9 /* Debug */,
				E831243226F1ECF400B438D9 /* Release */,
			);
			defaultConfigurationIsVisible = 0;
			defaultConfigurationName = Release;
		};
		E831243326F1ECF400B438D9 /* Build configuration list for PBXNativeTarget "OpenGLTest" */ = {
			isa = XCConfigurationList;
			buildConfigurations = (
				E831243426F1ECF400B438D9 /* Debug */,
				E831243526F1ECF400B438D9 /* Release */,
			);
			defaultConfigurationIsVisible = 0;
			defaultConfigurationName = Release;
		};
/* End XCConfigurationList section */
	};
	rootObject = E831242426F1ECF400B438D9 /* Project object */;
}
